{
  "name": "openclaw-firecrawl-plugin-69f7abcaaa",
  "lockfileVersion": 3,
  "requires": true,
  "packages": {
    "": {
      "dependencies": {
        "@openclaw/firecrawl-plugin": "2026.6.11"
      }
    },
    "node_modules/@openclaw/firecrawl-plugin": {
      "version": "2026.6.11",
      "resolved": "https://registry.npmjs.org/@openclaw/firecrawl-plugin/-/firecrawl-plugin-2026.6.11.tgz",
      "integrity": "sha512-z7hiWsLJE9ZKyU2NWtrTKYwBHZvbr9a4jjdRw1Ql7q+lozMFIE1BnuHa/W01mFoO36dGcRGnLlC8VmYkf2EF0Q==",
      "bundleDependencies": [
        "typebox"
      ],
      "hasShrinkwrap": true,
      "dependencies": {
        "typebox": "1.1.39"
      },
      "peerDependencies": {
        "openclaw": ">=2026.6.11"
      },
      "peerDependenciesMeta": {
        "openclaw": {
          "optional": true
        }
      }
    },
    "node_modules/@openclaw/firecrawl-plugin/node_modules/typebox": {
      "version": "1.1.39",
      "resolved": "https://registry.npmjs.org/typebox/-/typebox-1.1.39.tgz",
      "integrity": "sha512-vj0afVtOfLQvv0GR0VxVagYxsXN64btL7Z9XoaG0ZggH3mruMMkOO6hXdgMsjCY3shZgEvooAWVeznQVs5c43w==",
      "inBundle": true,
      "license": "MIT"
    }
  }
}
