{
  "socketPath": "\\\\.\\pipe\\mcp-c6088042-311f-42ff-b357-d21133d3458c.sock",
  "scheme": "pipe",
  "headers": {
    "Authorization": "Nonce 275dc0b5-895d-42a8-a658-2a9a6a3cbc58"
  },
  "pid": 33680,
  "ideName": "Visual Studio Code",
  "timestamp": 1786565060762,
  "workspaceFolders": [],
  "isTrusted": true
}