{
  "socketPath": "\\\\.\\pipe\\mcp-47269224-2a40-48c8-81e6-246cb9940c9c.sock",
  "scheme": "pipe",
  "headers": {
    "Authorization": "Nonce 6ae625d0-e872-48eb-8d3d-762f0966928a"
  },
  "pid": 94260,
  "ideName": "Visual Studio Code",
  "timestamp": 1786494910951,
  "workspaceFolders": [],
  "isTrusted": true
}